
Microsoft Visual Studio Solution File, Format Version 12.00
# Visual Studio Version 17
VisualStudioVersion = 17.13.35919.96 d17.13
MinimumVisualStudioVersion = 10.0.40219.1
Project("{888888A0-9F3D-457C-B088-3A5042F75D52}") = "MongoDB_Klassenprojekt_Python", "MongoDB_Klassenprojekt_Python\MongoDB_Klassenprojekt_Python.pyproj", "{366DD11B-4EAF-4081-9539-8437BE9EA20E}"
EndProject
Global
	GlobalSection(SolutionConfigurationPlatforms) = preSolution
		Debug|Any CPU = Debug|Any CPU
		Release|Any CPU = Release|Any CPU
	EndGlobalSection
	GlobalSection(ProjectConfigurationPlatforms) = postSolution
		{366DD11B-4EAF-4081-9539-8437BE9EA20E}.Debug|Any CPU.ActiveCfg = Debug|Any CPU
		{366DD11B-4EAF-4081-9539-8437BE9EA20E}.Release|Any CPU.ActiveCfg = Release|Any CPU
	EndGlobalSection
	GlobalSection(SolutionProperties) = preSolution
		HideSolutionNode = FALSE
	EndGlobalSection
	GlobalSection(ExtensibilityGlobals) = postSolution
		SolutionGuid = {D0CCF82E-B081-4AE2-B62E-B489BE7F99F7}
	EndGlobalSection
EndGlobal
